# Generated by pub
# See https://dart.dev/tools/pub/glossary#lockfile
packages:
  amplify_api:
    dependency: "direct main"
    description:
      name: amplify_api
      sha256: ae32da897be7ca7c9a38989653fb70b07a2e92557b105430d7e1dd5591186497
      url: "https://pub.dev"
    source: hosted
    version: "0.6.14"
  amplify_api_android:
    dependency: transitive
    description:
      name: amplify_api_android
      sha256: "488df4c9b708ca74a2e3c3d094d90e973613ad8fefb417891417a1d45ea61711"
      url: "https://pub.dev"
    source: hosted
    version: "0.6.14"
  amplify_api_ios:
    dependency: transitive
    description:
      name: amplify_api_ios
      sha256: "3dfc1e09b3a9da40b22bfc10a6932785bfd3e413d5cd5d098d9b67f8e184f583"
      url: "https://pub.dev"
    source: hosted
    version: "0.6.14"
  amplify_core:
    dependency: transitive
    description:
      name: amplify_core
      sha256: "9fbd1d925423a5c57d849cef20a6d45aff5528f74c0377ba2ea11a3e68df9d8f"
      url: "https://pub.dev"
    source: hosted
    version: "0.6.14"
  amplify_datastore_plugin_interface:
    dependency: transitive
    description:
      name: amplify_datastore_plugin_interface
      sha256: c0e2c8468c500594074f8e06468246421feaa01abd9bda0c59d2add1f6bf99bc
      url: "https://pub.dev"
    source: hosted
    version: "0.6.14"
  amplify_flutter:
    dependency: "direct main"
    description:
      name: amplify_flutter
      sha256: "6b757b8eed353525b737ffc0d5b63d22708184adabf23b887d84cf1c14a7986f"
      url: "https://pub.dev"
    source: hosted
    version: "0.6.14"
  amplify_flutter_android:
    dependency: transitive
    description:
      name: amplify_flutter_android
      sha256: a7e4d496aa515f43e0652668ff0995fd0033b257c9e029a232891f5e65ef3289
      url: "https://pub.dev"
    source: hosted
    version: "0.6.14"
  amplify_flutter_ios:
    dependency: transitive
    description:
      name: amplify_flutter_ios
      sha256: f1736e49dd958043932dd2991a1c9f09c3ac9a5e87e09a5c6c43d349518d0d26
      url: "https://pub.dev"
    source: hosted
    version: "0.6.14"
  app_links:
    dependency: transitive
    description:
      name: app_links
      sha256: "0ae672961f4fdc1424c6a5d11b7a4e3791bb07a9332f26c8314546365a0d1e8e"
      url: "https://pub.dev"
    source: hosted
    version: "3.4.1"
  app_links_platform_interface:
    dependency: transitive
    description:
      name: app_links_platform_interface
      sha256: "1e4412668208b24a51bf8f084fcd92f5f4f749f7c59d00ba3d06d68e244398e3"
      url: "https://pub.dev"
    source: hosted
    version: "1.1.0"
  archive:
    dependency: transitive
    description:
      name: archive
      sha256: d6347d54a2d8028e0437e3c099f66fdb8ae02c4720c1e7534c9f24c10351f85d
      url: "https://pub.dev"
    source: hosted
    version: "3.3.6"
  args:
    dependency: transitive
    description:
      name: args
      sha256: "4cab82a83ffef80b262ddedf47a0a8e56ee6fbf7fe21e6e768b02792034dd440"
      url: "https://pub.dev"
    source: hosted
    version: "2.4.0"
  async:
    dependency: transitive
    description:
      name: async
      sha256: bfe67ef28df125b7dddcea62755991f807aa39a2492a23e1550161692950bbe0
      url: "https://pub.dev"
    source: hosted
    version: "2.10.0"
  aws_common:
    dependency: transitive
    description:
      name: aws_common
      sha256: b5f48304feacc833241d0d812ab68e5fec80d5440c991d5ca27eaaf23d5c8da5
      url: "https://pub.dev"
    source: hosted
    version: "0.1.1"
  boolean_selector:
    dependency: transitive
    description:
      name: boolean_selector
      sha256: "6cfb5af12253eaf2b368f07bacc5a80d1301a071c73360d746b7f2e32d762c66"
      url: "https://pub.dev"
    source: hosted
    version: "2.1.1"
  buffer:
    dependency: transitive
    description:
      name: buffer
      sha256: "8962c12174f53e2e848a6acd7ac7fd63d8a1a6a316c20c458a832d87eba5422a"
      url: "https://pub.dev"
    source: hosted
    version: "1.2.0"
  characters:
    dependency: transitive
    description:
      name: characters
      sha256: e6a326c8af69605aec75ed6c187d06b349707a27fbff8222ca9cc2cff167975c
      url: "https://pub.dev"
    source: hosted
    version: "1.2.1"
  clock:
    dependency: transitive
    description:
      name: clock
      sha256: cb6d7f03e1de671e34607e909a7213e31d7752be4fb66a86d29fe1eb14bfb5cf
      url: "https://pub.dev"
    source: hosted
    version: "1.1.1"
  collection:
    dependency: transitive
    description:
      name: collection
      sha256: cfc915e6923fe5ce6e153b0723c753045de46de1b4d63771530504004a45fae0
      url: "https://pub.dev"
    source: hosted
    version: "1.17.0"
  connectivity_plus:
    dependency: "direct main"
    description:
      name: connectivity_plus
      sha256: "77a180d6938f78ca7d2382d2240eb626c0f6a735d0bfdce227d8ffb80f95c48b"
      url: "https://pub.dev"
    source: hosted
    version: "4.0.2"
  connectivity_plus_platform_interface:
    dependency: transitive
    description:
      name: connectivity_plus_platform_interface
      sha256: cf1d1c28f4416f8c654d7dc3cd638ec586076255d407cef3ddbdaf178272a71a
      url: "https://pub.dev"
    source: hosted
    version: "1.2.4"
  connectivity_plus_web:
    dependency: "direct main"
    description:
      name: connectivity_plus_web
      sha256: "81332be1b4baf8898fed17bb4fdef27abb7c6fd990bf98c54fd978478adf2f1a"
      url: "https://pub.dev"
    source: hosted
    version: "1.2.5"
  convert:
    dependency: transitive
    description:
      name: convert
      sha256: "0f08b14755d163f6e2134cb58222dd25ea2a2ee8a195e53983d57c075324d592"
      url: "https://pub.dev"
    source: hosted
    version: "3.1.1"
  cross_file:
    dependency: transitive
    description:
      name: cross_file
      sha256: "0b0036e8cccbfbe0555fd83c1d31a6f30b77a96b598b35a5d36dd41f718695e9"
      url: "https://pub.dev"
    source: hosted
    version: "0.3.3+4"
  crypto:
    dependency: transitive
    description:
      name: crypto
      sha256: aa274aa7774f8964e4f4f38cc994db7b6158dd36e9187aaceaddc994b35c6c67
      url: "https://pub.dev"
    source: hosted
    version: "3.0.2"
  cupertino_icons:
    dependency: "direct main"
    description:
      name: cupertino_icons
      sha256: d57953e10f9f8327ce64a508a355f0b1ec902193f66288e8cb5070e7c47eeb2d
      url: "https://pub.dev"
    source: hosted
    version: "1.0.6"
  dbus:
    dependency: transitive
    description:
      name: dbus
      sha256: "6f07cba3f7b3448d42d015bfd3d53fe12e5b36da2423f23838efc1d5fb31a263"
      url: "https://pub.dev"
    source: hosted
    version: "0.7.8"
  fake_async:
    dependency: transitive
    description:
      name: fake_async
      sha256: "511392330127add0b769b75a987850d136345d9227c6b94c96a04cf4a391bf78"
      url: "https://pub.dev"
    source: hosted
    version: "1.3.1"
  ffi:
    dependency: transitive
    description:
      name: ffi
      sha256: a38574032c5f1dd06c4aee541789906c12ccaab8ba01446e800d9c5b79c4a978
      url: "https://pub.dev"
    source: hosted
    version: "2.0.1"
  file:
    dependency: transitive
    description:
      name: file
      sha256: "1b92bec4fc2a72f59a8e15af5f52cd441e4a7860b49499d69dfa817af20e925d"
      url: "https://pub.dev"
    source: hosted
    version: "6.1.4"
  file_selector_linux:
    dependency: transitive
    description:
      name: file_selector_linux
      sha256: "045d372bf19b02aeb69cacf8b4009555fb5f6f0b7ad8016e5f46dd1387ddd492"
      url: "https://pub.dev"
    source: hosted
    version: "0.9.2+1"
  file_selector_macos:
    dependency: transitive
    description:
      name: file_selector_macos
      sha256: b15c3da8bd4908b9918111fa486903f5808e388b8d1c559949f584725a6594d6
      url: "https://pub.dev"
    source: hosted
    version: "0.9.3+3"
  file_selector_platform_interface:
    dependency: transitive
    description:
      name: file_selector_platform_interface
      sha256: "0aa47a725c346825a2bd396343ce63ac00bda6eff2fbc43eabe99737dede8262"
      url: "https://pub.dev"
    source: hosted
    version: "2.6.1"
  file_selector_windows:
    dependency: transitive
    description:
      name: file_selector_windows
      sha256: d3547240c20cabf205c7c7f01a50ecdbc413755814d6677f3cb366f04abcead0
      url: "https://pub.dev"
    source: hosted
    version: "0.9.3+1"
  flutter:
    dependency: "direct main"
    description: flutter
    source: sdk
    version: "0.0.0"
  flutter_lints:
    dependency: "direct dev"
    description:
      name: flutter_lints
      sha256: a25a15ebbdfc33ab1cd26c63a6ee519df92338a9c10f122adda92938253bef04
      url: "https://pub.dev"
    source: hosted
    version: "2.0.3"
  flutter_plugin_android_lifecycle:
    dependency: transitive
    description:
      name: flutter_plugin_android_lifecycle
      sha256: "60fc7b78455b94e6de2333d2f95196d32cf5c22f4b0b0520a628804cb463503b"
      url: "https://pub.dev"
    source: hosted
    version: "2.0.7"
  flutter_test:
    dependency: "direct dev"
    description: flutter
    source: sdk
    version: "0.0.0"
  flutter_web_plugins:
    dependency: transitive
    description: flutter
    source: sdk
    version: "0.0.0"
  font_awesome_flutter:
    dependency: "direct main"
    description:
      name: font_awesome_flutter
      sha256: "959ef4add147753f990b4a7c6cccb746d5792dbdc81b1cde99e62e7edb31b206"
      url: "https://pub.dev"
    source: hosted
    version: "10.4.0"
  functions_client:
    dependency: transitive
    description:
      name: functions_client
      sha256: "3b157b4d3ae9e38614fd80fab76d1ef1e0e39ff3412a45de2651f27cecb9d2d2"
      url: "https://pub.dev"
    source: hosted
    version: "1.3.2"
  gap:
    dependency: "direct main"
    description:
      name: gap
      sha256: f19387d4e32f849394758b91377f9153a1b41d79513ef7668c088c77dbc6955d
      url: "https://pub.dev"
    source: hosted
    version: "3.0.1"
  gotrue:
    dependency: transitive
    description:
      name: gotrue
      sha256: "3d15ee24bd05c6b4e5587f6dba727a7c031e5513424aa2ab4fb35b42f8c45ba7"
      url: "https://pub.dev"
    source: hosted
    version: "1.12.2"
  hive:
    dependency: transitive
    description:
      name: hive
      sha256: "8dcf6db979d7933da8217edcec84e9df1bdb4e4edc7fc77dbd5aa74356d6d941"
      url: "https://pub.dev"
    source: hosted
    version: "2.2.3"
  hive_flutter:
    dependency: transitive
    description:
      name: hive_flutter
      sha256: dca1da446b1d808a51689fb5d0c6c9510c0a2ba01e22805d492c73b68e33eecc
      url: "https://pub.dev"
    source: hosted
    version: "1.1.0"
  http:
    dependency: "direct main"
    description:
      name: http
      sha256: "5895291c13fa8a3bd82e76d5627f69e0d85ca6a30dcac95c4ea19a5d555879c2"
      url: "https://pub.dev"
    source: hosted
    version: "0.13.6"
  http_parser:
    dependency: transitive
    description:
      name: http_parser
      sha256: "2aa08ce0341cc9b354a498388e30986515406668dbcc4f7c950c3e715496693b"
      url: "https://pub.dev"
    source: hosted
    version: "4.0.2"
  image:
    dependency: transitive
    description:
      name: image
      sha256: "8e9d133755c3e84c73288363e6343157c383a0c6c56fc51afcc5d4d7180306d6"
      url: "https://pub.dev"
    source: hosted
    version: "3.3.0"
  image_gallery_saver:
    dependency: "direct main"
    description:
      name: image_gallery_saver
      sha256: be812580c7a320d3bf583af89cac6b376f170d48000aca75215a73285a3223a0
      url: "https://pub.dev"
    source: hosted
    version: "1.7.1"
  image_picker:
    dependency: "direct main"
    description:
      name: image_picker
      sha256: b6951e25b795d053a6ba03af5f710069c99349de9341af95155d52665cb4607c
      url: "https://pub.dev"
    source: hosted
    version: "0.8.9"
  image_picker_android:
    dependency: transitive
    description:
      name: image_picker_android
      sha256: "385f12ee9c7288575572c7873a332016ec45ebd092e1c2f6bd421b4a9ad21f1d"
      url: "https://pub.dev"
    source: hosted
    version: "0.8.5+6"
  image_picker_for_web:
    dependency: transitive
    description:
      name: image_picker_for_web
      sha256: "7d319fb74955ca46d9bf7011497860e3923bb67feebcf068f489311065863899"
      url: "https://pub.dev"
    source: hosted
    version: "2.1.10"
  image_picker_ios:
    dependency: transitive
    description:
      name: image_picker_ios
      sha256: "8ffb14b43713d7c43fb21299cc18181cc5b39bd3ea1cc427a085c6400fe5aa52"
      url: "https://pub.dev"
    source: hosted
    version: "0.8.6+7"
  image_picker_linux:
    dependency: transitive
    description:
      name: image_picker_linux
      sha256: "4ed1d9bb36f7cd60aa6e6cd479779cc56a4cb4e4de8f49d487b1aaad831300fa"
      url: "https://pub.dev"
    source: hosted
    version: "0.2.1+1"
  image_picker_macos:
    dependency: transitive
    description:
      name: image_picker_macos
      sha256: "3f5ad1e8112a9a6111c46d0b57a7be2286a9a07fc6e1976fdf5be2bd31d4ff62"
      url: "https://pub.dev"
    source: hosted
    version: "0.2.1+1"
  image_picker_platform_interface:
    dependency: transitive
    description:
      name: image_picker_platform_interface
      sha256: ed9b00e63977c93b0d2d2b343685bed9c324534ba5abafbb3dfbd6a780b1b514
      url: "https://pub.dev"
    source: hosted
    version: "2.9.1"
  image_picker_windows:
    dependency: transitive
    description:
      name: image_picker_windows
      sha256: "6ad07afc4eb1bc25f3a01084d28520496c4a3bb0cb13685435838167c9dcedeb"
      url: "https://pub.dev"
    source: hosted
    version: "0.2.1+1"
  intl:
    dependency: transitive
    description:
      name: intl
      sha256: "3bc132a9dbce73a7e4a21a17d06e1878839ffbf975568bc875c60537824b0c4d"
      url: "https://pub.dev"
    source: hosted
    version: "0.18.1"
  js:
    dependency: transitive
    description:
      name: js
      sha256: "5528c2f391ededb7775ec1daa69e65a2d61276f7552de2b5f7b8d34ee9fd4ab7"
      url: "https://pub.dev"
    source: hosted
    version: "0.6.5"
  json_annotation:
    dependency: transitive
    description:
      name: json_annotation
      sha256: c33da08e136c3df0190bd5bbe51ae1df4a7d96e7954d1d7249fea2968a72d317
      url: "https://pub.dev"
    source: hosted
    version: "4.8.0"
  jwt_decode:
    dependency: transitive
    description:
      name: jwt_decode
      sha256: d2e9f68c052b2225130977429d30f187aa1981d789c76ad104a32243cfdebfbb
      url: "https://pub.dev"
    source: hosted
    version: "0.3.1"
  lints:
    dependency: transitive
    description:
      name: lints
      sha256: "5e4a9cd06d447758280a8ac2405101e0e2094d2a1dbdd3756aec3fe7775ba593"
      url: "https://pub.dev"
    source: hosted
    version: "2.0.1"
  location:
    dependency: "direct main"
    description:
      name: location
      sha256: "06be54f682c9073cbfec3899eb9bc8ed90faa0e17735c9d9fa7fe426f5be1dd1"
      url: "https://pub.dev"
    source: hosted
    version: "5.0.3"
  location_platform_interface:
    dependency: transitive
    description:
      name: location_platform_interface
      sha256: "8aa1d34eeecc979d7c9fe372931d84f6d2ebbd52226a54fe1620de6fdc0753b1"
      url: "https://pub.dev"
    source: hosted
    version: "3.1.2"
  location_web:
    dependency: transitive
    description:
      name: location_web
      sha256: ec484c66e8a4ff1ee5d044c203f4b6b71e3a0556a97b739a5bc9616de672412b
      url: "https://pub.dev"
    source: hosted
    version: "4.2.0"
  mapbox_gl:
    dependency: "direct main"
    description:
      name: mapbox_gl
      sha256: d78907338ff232e3cf6c1d6dba45e6a8814069496fd352e49bb1967d498f09af
      url: "https://pub.dev"
    source: hosted
    version: "0.16.0"
  mapbox_gl_dart:
    dependency: transitive
    description:
      name: mapbox_gl_dart
      sha256: de6d03718e5eb05c9eb1ddaae7f0383b28acb5afa16405e1deed7ff04dd34f3d
      url: "https://pub.dev"
    source: hosted
    version: "0.2.1"
  mapbox_gl_platform_interface:
    dependency: transitive
    description:
      name: mapbox_gl_platform_interface
      sha256: b7c1490b022e650afd20412bdf8ae45a1897118b7ce6049ef6c42df09193d4b2
      url: "https://pub.dev"
    source: hosted
    version: "0.16.0"
  mapbox_gl_web:
    dependency: transitive
    description:
      name: mapbox_gl_web
      sha256: e77113bf95a4f321ff44938232517e0f2725aae991f0b283af1afaa7e7a58aca
      url: "https://pub.dev"
    source: hosted
    version: "0.16.0"
  matcher:
    dependency: transitive
    description:
      name: matcher
      sha256: "16db949ceee371e9b99d22f88fa3a73c4e59fd0afed0bd25fc336eb76c198b72"
      url: "https://pub.dev"
    source: hosted
    version: "0.12.13"
  material_color_utilities:
    dependency: transitive
    description:
      name: material_color_utilities
      sha256: d92141dc6fe1dad30722f9aa826c7fbc896d021d792f80678280601aff8cf724
      url: "https://pub.dev"
    source: hosted
    version: "0.2.0"
  meta:
    dependency: transitive
    description:
      name: meta
      sha256: "6c268b42ed578a53088d834796959e4a1814b5e9e164f147f580a386e5decf42"
      url: "https://pub.dev"
    source: hosted
    version: "1.8.0"
  mime:
    dependency: transitive
    description:
      name: mime
      sha256: e4ff8e8564c03f255408decd16e7899da1733852a9110a58fe6d1b817684a63e
      url: "https://pub.dev"
    source: hosted
    version: "1.0.4"
  minio_new:
    dependency: "direct main"
    description:
      name: minio_new
      sha256: f7fd883ee2458a7a02e00d8e095584961b78ae94742078c332d553f9ee7e1f58
      url: "https://pub.dev"
    source: hosted
    version: "1.0.2"
  nm:
    dependency: transitive
    description:
      name: nm
      sha256: "2c9aae4127bdc8993206464fcc063611e0e36e72018696cd9631023a31b24254"
      url: "https://pub.dev"
    source: hosted
    version: "0.5.0"
  path:
    dependency: transitive
    description:
      name: path
      sha256: db9d4f58c908a4ba5953fcee2ae317c94889433e5024c27ce74a37f94267945b
      url: "https://pub.dev"
    source: hosted
    version: "1.8.2"
  path_provider:
    dependency: "direct main"
    description:
      name: path_provider
      sha256: a1aa8aaa2542a6bc57e381f132af822420216c80d4781f7aa085ca3229208aaa
      url: "https://pub.dev"
    source: hosted
    version: "2.1.1"
  path_provider_android:
    dependency: transitive
    description:
      name: path_provider_android
      sha256: "6b8b19bd80da4f11ce91b2d1fb931f3006911477cec227cce23d3253d80df3f1"
      url: "https://pub.dev"
    source: hosted
    version: "2.2.0"
  path_provider_foundation:
    dependency: transitive
    description:
      name: path_provider_foundation
      sha256: "19314d595120f82aca0ba62787d58dde2cc6b5df7d2f0daf72489e38d1b57f2d"
      url: "https://pub.dev"
    source: hosted
    version: "2.3.1"
  path_provider_linux:
    dependency: transitive
    description:
      name: path_provider_linux
      sha256: f7a1fe3a634fe7734c8d3f2766ad746ae2a2884abe22e241a8b301bf5cac3279
      url: "https://pub.dev"
    source: hosted
    version: "2.2.1"
  path_provider_platform_interface:
    dependency: transitive
    description:
      name: path_provider_platform_interface
      sha256: "94b1e0dd80970c1ce43d5d4e050a9918fce4f4a775e6142424c30a29a363265c"
      url: "https://pub.dev"
    source: hosted
    version: "2.1.1"
  path_provider_windows:
    dependency: transitive
    description:
      name: path_provider_windows
      sha256: "8bc9f22eee8690981c22aa7fc602f5c85b497a6fb2ceb35ee5a5e5ed85ad8170"
      url: "https://pub.dev"
    source: hosted
    version: "2.2.1"
  petitparser:
    dependency: transitive
    description:
      name: petitparser
      sha256: "49392a45ced973e8d94a85fdb21293fbb40ba805fc49f2965101ae748a3683b4"
      url: "https://pub.dev"
    source: hosted
    version: "5.1.0"
  platform:
    dependency: "direct main"
    description:
      name: platform
      sha256: ae68c7bfcd7383af3629daafb32fb4e8681c7154428da4febcff06200585f102
      url: "https://pub.dev"
    source: hosted
    version: "3.1.2"
  plugin_platform_interface:
    dependency: transitive
    description:
      name: plugin_platform_interface
      sha256: da3fdfeccc4d4ff2da8f8c556704c08f912542c5fb3cf2233ed75372384a034d
      url: "https://pub.dev"
    source: hosted
    version: "2.1.6"
  pointycastle:
    dependency: transitive
    description:
      name: pointycastle
      sha256: db7306cf0249f838d1a24af52b5a5887c5bf7f31d8bb4e827d071dc0939ad346
      url: "https://pub.dev"
    source: hosted
    version: "3.6.2"
  postgrest:
    dependency: transitive
    description:
      name: postgrest
      sha256: "87e35d3a59e327188321befbfbfcc5a7a2e71f0d0a13d975cbc7d169387ec712"
      url: "https://pub.dev"
    source: hosted
    version: "1.5.1"
  process:
    dependency: transitive
    description:
      name: process
      sha256: "53fd8db9cec1d37b0574e12f07520d582019cb6c44abf5479a01505099a34a09"
      url: "https://pub.dev"
    source: hosted
    version: "4.2.4"
  realtime_client:
    dependency: transitive
    description:
      name: realtime_client
      sha256: e84e328dbca6830dec6c4b168ba452ea8c667f5bf45039505b3c8acb5e2c9d82
      url: "https://pub.dev"
    source: hosted
    version: "1.2.2"
  retry:
    dependency: transitive
    description:
      name: retry
      sha256: "45dfeebaf095b606fdb9dbfb4c114cc204449bc274783b452658365e03afdbab"
      url: "https://pub.dev"
    source: hosted
    version: "3.1.0"
  rxdart:
    dependency: transitive
    description:
      name: rxdart
      sha256: "0c7c0cedd93788d996e33041ffecda924cc54389199cde4e6a34b440f50044cb"
      url: "https://pub.dev"
    source: hosted
    version: "0.27.7"
  share_plus:
    dependency: "direct main"
    description:
      name: share_plus
      sha256: b1f15232d41e9701ab2f04181f21610c36c83a12ae426b79b4bd011c567934b1
      url: "https://pub.dev"
    source: hosted
    version: "6.3.4"
  share_plus_platform_interface:
    dependency: transitive
    description:
      name: share_plus_platform_interface
      sha256: "82ddd4ab9260c295e6e39612d4ff00390b9a7a21f1bb1da771e2f232d80ab8a1"
      url: "https://pub.dev"
    source: hosted
    version: "3.2.0"
  share_plus_web:
    dependency: "direct main"
    description:
      name: share_plus_web
      sha256: eaef05fa8548b372253e772837dd1fbe4ce3aca30ea330765c945d7d4f7c9935
      url: "https://pub.dev"
    source: hosted
    version: "3.1.0"
  shared_preferences:
    dependency: transitive
    description:
      name: shared_preferences
      sha256: b7f41bad7e521d205998772545de63ff4e6c97714775902c199353f8bf1511ac
      url: "https://pub.dev"
    source: hosted
    version: "2.2.1"
  shared_preferences_android:
    dependency: transitive
    description:
      name: shared_preferences_android
      sha256: "8568a389334b6e83415b6aae55378e158fbc2314e074983362d20c562780fb06"
      url: "https://pub.dev"
    source: hosted
    version: "2.2.1"
  shared_preferences_foundation:
    dependency: transitive
    description:
      name: shared_preferences_foundation
      sha256: "7bf53a9f2d007329ee6f3df7268fd498f8373602f943c975598bbb34649b62a7"
      url: "https://pub.dev"
    source: hosted
    version: "2.3.4"
  shared_preferences_linux:
    dependency: transitive
    description:
      name: shared_preferences_linux
      sha256: c2eb5bf57a2fe9ad6988121609e47d3e07bb3bdca5b6f8444e4cf302428a128a
      url: "https://pub.dev"
    source: hosted
    version: "2.3.1"
  shared_preferences_platform_interface:
    dependency: transitive
    description:
      name: shared_preferences_platform_interface
      sha256: d4ec5fc9ebb2f2e056c617112aa75dcf92fc2e4faaf2ae999caa297473f75d8a
      url: "https://pub.dev"
    source: hosted
    version: "2.3.1"
  shared_preferences_web:
    dependency: transitive
    description:
      name: shared_preferences_web
      sha256: d762709c2bbe80626ecc819143013cc820fa49ca5e363620ee20a8b15a3e3daf
      url: "https://pub.dev"
    source: hosted
    version: "2.2.1"
  shared_preferences_windows:
    dependency: transitive
    description:
      name: shared_preferences_windows
      sha256: f763a101313bd3be87edffe0560037500967de9c394a714cd598d945517f694f
      url: "https://pub.dev"
    source: hosted
    version: "2.3.1"
  sign_in_with_apple:
    dependency: transitive
    description:
      name: sign_in_with_apple
      sha256: "0975c23b9f8b30a80e27d5659a75993a093d4cb5f4eb7d23a9ccc586fea634e0"
      url: "https://pub.dev"
    source: hosted
    version: "5.0.0"
  sign_in_with_apple_platform_interface:
    dependency: transitive
    description:
      name: sign_in_with_apple_platform_interface
      sha256: a5883edee09ed6be19de19e7d9f618a617fe41a6fa03f76d082dfb787e9ea18d
      url: "https://pub.dev"
    source: hosted
    version: "1.0.0"
  sign_in_with_apple_web:
    dependency: transitive
    description:
      name: sign_in_with_apple_web
      sha256: "44b66528f576e77847c14999d5e881e17e7223b7b0625a185417829e5306f47a"
      url: "https://pub.dev"
    source: hosted
    version: "1.0.1"
  sky_engine:
    dependency: transitive
    description: flutter
    source: sdk
    version: "0.0.99"
  source_span:
    dependency: transitive
    description:
      name: source_span
      sha256: dd904f795d4b4f3b870833847c461801f6750a9fa8e61ea5ac53f9422b31f250
      url: "https://pub.dev"
    source: hosted
    version: "1.9.1"
  sqflite:
    dependency: "direct main"
    description:
      name: sqflite
      sha256: b4d6710e1200e96845747e37338ea8a819a12b51689a3bcf31eff0003b37a0b9
      url: "https://pub.dev"
    source: hosted
    version: "2.2.8+4"
  sqflite_common:
    dependency: transitive
    description:
      name: sqflite_common
      sha256: "8f7603f3f8f126740bc55c4ca2d1027aab4b74a1267a3e31ce51fe40e3b65b8f"
      url: "https://pub.dev"
    source: hosted
    version: "2.4.5+1"
  stack_trace:
    dependency: transitive
    description:
      name: stack_trace
      sha256: c3c7d8edb15bee7f0f74debd4b9c5f3c2ea86766fe4178eb2a18eb30a0bdaed5
      url: "https://pub.dev"
    source: hosted
    version: "1.11.0"
  storage_client:
    dependency: transitive
    description:
      name: storage_client
      sha256: "4bf2fc76f09c3698f0ba3f1a44d567995796f6aef76501f194631d0c03752ab7"
      url: "https://pub.dev"
    source: hosted
    version: "1.5.2"
  stream_channel:
    dependency: transitive
    description:
      name: stream_channel
      sha256: "83615bee9045c1d322bbbd1ba209b7a749c2cbcdcb3fdd1df8eb488b3279c1c8"
      url: "https://pub.dev"
    source: hosted
    version: "2.1.1"
  stream_transform:
    dependency: transitive
    description:
      name: stream_transform
      sha256: "14a00e794c7c11aa145a170587321aedce29769c08d7f58b1d141da75e3b1c6f"
      url: "https://pub.dev"
    source: hosted
    version: "2.1.0"
  string_scanner:
    dependency: transitive
    description:
      name: string_scanner
      sha256: "556692adab6cfa87322a115640c11f13cb77b3f076ddcc5d6ae3c20242bedcde"
      url: "https://pub.dev"
    source: hosted
    version: "1.2.0"
  supabase:
    dependency: transitive
    description:
      name: supabase
      sha256: "0b4625845558b42639a3cd13b0d3ea69132e6228bdbf484f38ef4c71363f82b1"
      url: "https://pub.dev"
    source: hosted
    version: "1.11.5"
  supabase_flutter:
    dependency: "direct main"
    description:
      name: supabase_flutter
      sha256: cbc955e44f5feaa2958793f0df1fe055ea7a5ca003184a51172492bcdde8a724
      url: "https://pub.dev"
    source: hosted
    version: "1.10.18"
  synchronized:
    dependency: transitive
    description:
      name: synchronized
      sha256: "33b31b6beb98100bf9add464a36a8dd03eb10c7a8cf15aeec535e9b054aaf04b"
      url: "https://pub.dev"
    source: hosted
    version: "3.0.1"
  term_glyph:
    dependency: transitive
    description:
      name: term_glyph
      sha256: a29248a84fbb7c79282b40b8c72a1209db169a2e0542bce341da992fe1bc7e84
      url: "https://pub.dev"
    source: hosted
    version: "1.2.1"
  test_api:
    dependency: transitive
    description:
      name: test_api
      sha256: ad540f65f92caa91bf21dfc8ffb8c589d6e4dc0c2267818b4cc2792857706206
      url: "https://pub.dev"
    source: hosted
    version: "0.4.16"
  typed_data:
    dependency: transitive
    description:
      name: typed_data
      sha256: "26f87ade979c47a150c9eaab93ccd2bebe70a27dc0b4b29517f2904f04eb11a5"
      url: "https://pub.dev"
    source: hosted
    version: "1.3.1"
  universal_io:
    dependency: transitive
    description:
      name: universal_io
      sha256: "79f78ddad839ee3aae3ec7c01eb4575faf0d5c860f8e5223bc9f9c17f7f03cef"
      url: "https://pub.dev"
    source: hosted
    version: "2.0.4"
  url_launcher:
    dependency: transitive
    description:
      name: url_launcher
      sha256: e8f2efc804810c0f2f5b485f49e7942179f56eabcfe81dce3387fec4bb55876b
      url: "https://pub.dev"
    source: hosted
    version: "6.1.9"
  url_launcher_android:
    dependency: transitive
    description:
      name: url_launcher_android
      sha256: "3e2f6dfd2c7d9cd123296cab8ef66cfc2c1a13f5845f42c7a0f365690a8a7dd1"
      url: "https://pub.dev"
    source: hosted
    version: "6.0.23"
  url_launcher_ios:
    dependency: transitive
    description:
      name: url_launcher_ios
      sha256: "0a5af0aefdd8cf820dd739886efb1637f1f24489900204f50984634c07a54815"
      url: "https://pub.dev"
    source: hosted
    version: "6.1.0"
  url_launcher_linux:
    dependency: transitive
    description:
      name: url_launcher_linux
      sha256: "318c42cba924e18180c029be69caf0a1a710191b9ec49bb42b5998fdcccee3cc"
      url: "https://pub.dev"
    source: hosted
    version: "3.0.2"
  url_launcher_macos:
    dependency: transitive
    description:
      name: url_launcher_macos
      sha256: "41988b55570df53b3dd2a7fc90c76756a963de6a8c5f8e113330cb35992e2094"
      url: "https://pub.dev"
    source: hosted
    version: "3.0.2"
  url_launcher_platform_interface:
    dependency: transitive
    description:
      name: url_launcher_platform_interface
      sha256: "4eae912628763eb48fc214522e58e942fd16ce195407dbf45638239523c759a6"
      url: "https://pub.dev"
    source: hosted
    version: "2.1.1"
  url_launcher_web:
    dependency: transitive
    description:
      name: url_launcher_web
      sha256: "44d79408ce9f07052095ef1f9a693c258d6373dc3944249374e30eff7219ccb0"
      url: "https://pub.dev"
    source: hosted
    version: "2.0.14"
  url_launcher_windows:
    dependency: transitive
    description:
      name: url_launcher_windows
      sha256: b6217370f8eb1fd85c8890c539f5a639a01ab209a36db82c921ebeacefc7a615
      url: "https://pub.dev"
    source: hosted
    version: "3.0.3"
  uuid:
    dependency: transitive
    description:
      name: uuid
      sha256: "2469694ad079893e3b434a627970c33f2fa5adc46dfe03c9617546969a9a8afc"
      url: "https://pub.dev"
    source: hosted
    version: "3.0.6"
  vector_math:
    dependency: transitive
    description:
      name: vector_math
      sha256: "80b3257d1492ce4d091729e3a67a60407d227c27241d6927be0130c98e741803"
      url: "https://pub.dev"
    source: hosted
    version: "2.1.4"
  web_socket_channel:
    dependency: transitive
    description:
      name: web_socket_channel
      sha256: ca49c0bc209c687b887f30527fb6a9d80040b072cc2990f34b9bec3e7663101b
      url: "https://pub.dev"
    source: hosted
    version: "2.3.0"
  webview_flutter:
    dependency: transitive
    description:
      name: webview_flutter
      sha256: "82f6787d5df55907aa01e49bd9644f4ed1cc82af7a8257dd9947815959d2e755"
      url: "https://pub.dev"
    source: hosted
    version: "4.2.4"
  webview_flutter_android:
    dependency: transitive
    description:
      name: webview_flutter_android
      sha256: ddc167c6676f57c8b367d19fcbee267d6dc6adf81bd6c3cb87981d30746e0a6d
      url: "https://pub.dev"
    source: hosted
    version: "3.10.1"
  webview_flutter_platform_interface:
    dependency: transitive
    description:
      name: webview_flutter_platform_interface
      sha256: "6d9213c65f1060116757a7c473247c60f3f7f332cac33dc417c9e362a9a13e4f"
      url: "https://pub.dev"
    source: hosted
    version: "2.6.0"
  webview_flutter_wkwebview:
    dependency: transitive
    description:
      name: webview_flutter_wkwebview
      sha256: "485af05f2c5f83c7f78c20e236b170ad02df7153b299ae9917345be43871d29f"
      url: "https://pub.dev"
    source: hosted
    version: "3.8.0"
  win32:
    dependency: transitive
    description:
      name: win32
      sha256: c9ebe7ee4ab0c2194e65d3a07d8c54c5d00bb001b76081c4a04cdb8448b59e46
      url: "https://pub.dev"
    source: hosted
    version: "3.1.3"
  xdg_directories:
    dependency: transitive
    description:
      name: xdg_directories
      sha256: ee1505df1426458f7f60aac270645098d318a8b4766d85fde75f76f2e21807d1
      url: "https://pub.dev"
    source: hosted
    version: "1.0.0"
  xml:
    dependency: transitive
    description:
      name: xml
      sha256: ac0e3f4bf00ba2708c33fbabbbe766300e509f8c82dbd4ab6525039813f7e2fb
      url: "https://pub.dev"
    source: hosted
    version: "6.1.0"
  yet_another_json_isolate:
    dependency: transitive
    description:
      name: yet_another_json_isolate
      sha256: "86fad76026c4241a32831d6c7febd8f9bded5019e2cd36c5b148499808d8307d"
      url: "https://pub.dev"
    source: hosted
    version: "1.1.1"
sdks:
  dart: ">=2.19.0 <3.0.0"
  flutter: ">=3.7.6"
