PODS:
  - Amplify (1.29.1):
    - Amplify/Default (= 1.29.1)
  - Amplify/Default (1.29.1)
  - amplify_api_ios (0.0.1):
    - Amplify (= 1.29.1)
    - amplify_core
    - AmplifyPlugins/AWSAPIPlugin (= 1.29.1)
    - Flutter
    - SwiftFormat/CLI
    - SwiftLint (= 0.48.0)
  - amplify_core (0.0.1):
    - Flutter
    - SwiftFormat/CLI
    - SwiftLint (= 0.48.0)
  - amplify_flutter_ios (0.0.1):
    - Amplify (= 1.29.1)
    - amplify_core
    - AmplifyPlugins/AWSCognitoAuthPlugin (= 1.29.1)
    - AWSPluginsCore (= 1.29.1)
    - Flutter
    - SwiftFormat/CLI
    - SwiftLint (= 0.48.0)
  - AmplifyPlugins/AWSAPIPlugin (1.29.1):
    - AppSyncRealTimeClient (~> 3.0)
    - AWSCore (~> 2.30.1)
    - AWSPluginsCore (= 1.29.1)
  - AmplifyPlugins/AWSCognitoAuthPlugin (1.29.1):
    - AWSAuthCore (~> 2.30.1)
    - AWSCognitoIdentityProvider (~> 2.30.1)
    - AWSCognitoIdentityProviderASF (~> 2.30.1)
    - AWSCore (~> 2.30.1)
    - AWSMobileClient (~> 2.30.1)
    - AWSPluginsCore (= 1.29.1)
  - app_links (0.0.1):
    - Flutter
  - AppSyncRealTimeClient (3.0.0):
    - Starscream (~> 4.0.4)
  - AWSAuthCore (2.30.4):
    - AWSCore (= 2.30.4)
  - AWSCognitoIdentityProvider (2.30.4):
    - AWSCognitoIdentityProviderASF (= 2.30.4)
    - AWSCore (= 2.30.4)
  - AWSCognitoIdentityProviderASF (2.30.4):
    - AWSCore (= 2.30.4)
  - AWSCore (2.30.4)
  - AWSMobileClient (2.30.4):
    - AWSAuthCore (= 2.30.4)
    - AWSCognitoIdentityProvider (= 2.30.4)
    - AWSCognitoIdentityProviderASF (= 2.30.4)
    - AWSCore (= 2.30.4)
  - AWSPluginsCore (1.29.1):
    - Amplify (= 1.29.1)
    - AWSCore (~> 2.30.1)
  - connectivity_plus (0.0.1):
    - Flutter
    - ReachabilitySwift
  - Flutter (1.0.0)
  - FMDB (2.7.5):
    - FMDB/standard (= 2.7.5)
  - FMDB/standard (2.7.5)
  - image_gallery_saver (1.5.0):
    - Flutter
  - image_picker_ios (0.0.1):
    - Flutter
  - location (0.0.1):
    - Flutter
  - Mapbox-iOS-SDK (6.4.1):
    - MapboxMobileEvents (~> 0.10.12)
  - mapbox_gl (0.0.1):
    - Flutter
    - Mapbox-iOS-SDK (~> 6.4.0)
    - MapboxAnnotationExtension (~> 0.0.1-beta.1)
  - MapboxAnnotationExtension (0.0.1-beta.2):
    - Mapbox-iOS-SDK (~> 6.0)
  - MapboxMobileEvents (0.10.14)
  - path_provider_foundation (0.0.1):
    - Flutter
    - FlutterMacOS
  - ReachabilitySwift (5.0.0)
  - share_plus (0.0.1):
    - Flutter
  - sign_in_with_apple (0.0.1):
    - Flutter
  - sqflite (0.0.2):
    - Flutter
    - FMDB (>= 2.7.5)
  - Starscream (4.0.4)
  - SwiftFormat/CLI (0.51.6)
  - SwiftLint (0.48.0)
  - url_launcher_ios (0.0.1):
    - Flutter
  - webview_flutter_wkwebview (0.0.1):
    - Flutter

DEPENDENCIES:
  - amplify_api_ios (from `.symlinks/plugins/amplify_api_ios/ios`)
  - amplify_core (from `.symlinks/plugins/amplify_core/ios`)
  - amplify_flutter_ios (from `.symlinks/plugins/amplify_flutter_ios/ios`)
  - app_links (from `.symlinks/plugins/app_links/ios`)
  - connectivity_plus (from `.symlinks/plugins/connectivity_plus/ios`)
  - Flutter (from `Flutter`)
  - image_gallery_saver (from `.symlinks/plugins/image_gallery_saver/ios`)
  - image_picker_ios (from `.symlinks/plugins/image_picker_ios/ios`)
  - location (from `.symlinks/plugins/location/ios`)
  - mapbox_gl (from `.symlinks/plugins/mapbox_gl/ios`)
  - path_provider_foundation (from `.symlinks/plugins/path_provider_foundation/ios`)
  - share_plus (from `.symlinks/plugins/share_plus/ios`)
  - sign_in_with_apple (from `.symlinks/plugins/sign_in_with_apple/ios`)
  - sqflite (from `.symlinks/plugins/sqflite/ios`)
  - url_launcher_ios (from `.symlinks/plugins/url_launcher_ios/ios`)
  - webview_flutter_wkwebview (from `.symlinks/plugins/webview_flutter_wkwebview/ios`)

SPEC REPOS:
  trunk:
    - Amplify
    - AmplifyPlugins
    - AppSyncRealTimeClient
    - AWSAuthCore
    - AWSCognitoIdentityProvider
    - AWSCognitoIdentityProviderASF
    - AWSCore
    - AWSMobileClient
    - AWSPluginsCore
    - FMDB
    - Mapbox-iOS-SDK
    - MapboxAnnotationExtension
    - MapboxMobileEvents
    - ReachabilitySwift
    - Starscream
    - SwiftFormat
    - SwiftLint

EXTERNAL SOURCES:
  amplify_api_ios:
    :path: ".symlinks/plugins/amplify_api_ios/ios"
  amplify_core:
    :path: ".symlinks/plugins/amplify_core/ios"
  amplify_flutter_ios:
    :path: ".symlinks/plugins/amplify_flutter_ios/ios"
  app_links:
    :path: ".symlinks/plugins/app_links/ios"
  connectivity_plus:
    :path: ".symlinks/plugins/connectivity_plus/ios"
  Flutter:
    :path: Flutter
  image_gallery_saver:
    :path: ".symlinks/plugins/image_gallery_saver/ios"
  image_picker_ios:
    :path: ".symlinks/plugins/image_picker_ios/ios"
  location:
    :path: ".symlinks/plugins/location/ios"
  mapbox_gl:
    :path: ".symlinks/plugins/mapbox_gl/ios"
  path_provider_foundation:
    :path: ".symlinks/plugins/path_provider_foundation/ios"
  share_plus:
    :path: ".symlinks/plugins/share_plus/ios"
  sign_in_with_apple:
    :path: ".symlinks/plugins/sign_in_with_apple/ios"
  sqflite:
    :path: ".symlinks/plugins/sqflite/ios"
  url_launcher_ios:
    :path: ".symlinks/plugins/url_launcher_ios/ios"
  webview_flutter_wkwebview:
    :path: ".symlinks/plugins/webview_flutter_wkwebview/ios"

SPEC CHECKSUMS:
  Amplify: b72bc02515114147a7be8c4f76ef4ecc41350a23
  amplify_api_ios: 76d1a6ee60fa6133c5386179f313c3a8fa47d585
  amplify_core: 0876b2fbbcec7619f5b58b20c59ecc0118f65a47
  amplify_flutter_ios: b215a2d52f8beeb9d30e29a99152c71fadc6730a
  AmplifyPlugins: f8fa63aafd782a44cf48abef656e759dcab3eb71
  app_links: ab4ba54d10a13d45825336bc9707b5eadee81191
  AppSyncRealTimeClient: ec19a24f635611b193eb98a2da573abcf98b793b
  AWSAuthCore: 42e2d4927d94e5e323b63b2ae885f287c51b5889
  AWSCognitoIdentityProvider: 2331f5f4c8c1775c6a228bb2dae2d353198401e8
  AWSCognitoIdentityProviderASF: d905c2acab3d2e7016b643d53ba553d5217fa929
  AWSCore: 19b8233fe2d0ed3ccf5cff833a615814282cdc90
  AWSMobileClient: 7d9c81e47ef27c6b5604858477006548eb1db342
  AWSPluginsCore: d2c3685072cf896a05f09b55686af476db7c0596
  connectivity_plus: 413a8857dd5d9f1c399a39130850d02fe0feaf7e
  Flutter: f04841e97a9d0b0a8025694d0796dd46242b2854
  FMDB: 2ce00b547f966261cd18927a3ddb07cb6f3db82a
  image_gallery_saver: 259eab68fb271cfd57d599904f7acdc7832e7ef2
  image_picker_ios: b786a5dcf033a8336a657191401bfdf12017dabb
  location: 3a2eed4dd2fab25e7b7baf2a9efefe82b512d740
  Mapbox-iOS-SDK: f870f83cbdc7aa4a74afcee143aafb0dae390c82
  mapbox_gl: 33c5ab6306cbfa72289bb3606d2cd2e8baee9ff0
  MapboxAnnotationExtension: 4eee6c26349ef6d909f1a23a7eae2d0f7ca5fa7d
  MapboxMobileEvents: 5a172cc9bbf8ac0e45ba86095cbee685ede248cc
  path_provider_foundation: 37748e03f12783f9de2cb2c4eadfaa25fe6d4852
  ReachabilitySwift: 985039c6f7b23a1da463388634119492ff86c825
  share_plus: 056a1e8ac890df3e33cb503afffaf1e9b4fbae68
  sign_in_with_apple: f3bf75217ea4c2c8b91823f225d70230119b8440
  sqflite: 6d358c025f5b867b29ed92fc697fd34924e11904
  Starscream: 5178aed56b316f13fa3bc55694e583d35dd414d9
  SwiftFormat: b2062ab08a5c83c075e32355175c58b99e52187f
  SwiftLint: 284cea64b6187c5d6bd83e9a548a64104d546447
  url_launcher_ios: fb12c43172927bb5cf75aeebd073f883801f1993
  webview_flutter_wkwebview: 2e2d318f21a5e036e2c3f26171342e95908bd60a

PODFILE CHECKSUM: 51ee03a4d2194779871a0299f66a3c5b7e0dff18

COCOAPODS: 1.11.3
